<Solution>
  <Folder Name="/Solution Items/">
    <File Path="Database_Tasks/Airline Information System.png" />
    <File Path="Database_Tasks/College Management System – Requirement.png" />
    <File Path="Database_Tasks/Company Database.png" />
  </Folder>
  <Project Path="C#_Fundamentals_Part1/C#_Fundamentals_Part1.csproj" Id="4e8f34f0-e0a0-47f4-953b-cf205b9c9a66" />
  <Project Path="MiniCompoundProject_Solutions/BankingSystemApp.csproj" Id="9682e8ff-0296-4c28-8c52-2daa881604ab" />
  <Project Path="Tas4_Solutions/Task4_Solutions.csproj" Id="c008b4cd-7f73-4f02-a557-4c25267bc779" />
  <Project Path="Task2_Solutions/Task2_Solutions.csproj" Id="7a7e8530-2df3-41c4-9e88-cc5af89c7360" />
  <Project Path="Task3_Solutions/Task3_Solutions.csproj" Id="5e7fd025-0051-480e-9cc0-9555ad72ad97" />
  <Project Path="Task5_Solutions/Task5_Solutions.csproj" Id="2f849975-a8f6-419d-81c8-aa547ed2cb7e" />
  <Project Path="Task6_OOP_Solutions/Task6_OOP_Solutions.csproj" Id="0012dc26-4e6a-4413-add1-b95fec935f72" />
  <Project Path="Task7_OOP_Solutions/Task7_OOP_Solutions.csproj" Id="ca9dc8da-f4a5-46e9-b893-a7e30c3496a9" />
</Solution>
