<Solution>
  <Project Path="C#_Fundamentals_Part1/C#_Fundamentals_Part1.csproj" Id="4e8f34f0-e0a0-47f4-953b-cf205b9c9a66" />
  <Project Path="Tas4_Solutions/Task4_Solutions.csproj" Id="c008b4cd-7f73-4f02-a557-4c25267bc779" />
  <Project Path="Task2_Solutions/Task2_Solutions.csproj" Id="7a7e8530-2df3-41c4-9e88-cc5af89c7360" />
  <Project Path="Task3_Solutions/Task3_Solutions.csproj" Id="5e7fd025-0051-480e-9cc0-9555ad72ad97" />
</Solution>
